dependencies:
- name: metrics-server
  repository: https://kubernetes-sigs.github.io/metrics-server
  version: 3.12.2
- name: base
  repository: https://istio-release.storage.googleapis.com/charts
  version: 1.23.2
- name: istiod
  repository: https://istio-release.storage.googleapis.com/charts
  version: 1.23.2
- name: gateway
  repository: https://istio-release.storage.googleapis.com/charts
  version: 1.23.2
digest: sha256:c403f1fc2afaddd1a2ef053fb700b7aafb5ab84853ac46454908f9a64606cc2b
generated: "2024-10-09T18:54:34.12493-03:00"
