dependencies:
- name: metrics-server
  repository: https://kubernetes-sigs.github.io/metrics-server
  version: 3.12.2
- name: base
  repository: https://istio-release.storage.googleapis.com/charts
  version: 1.23.2
- name: istiod
  repository: https://istio-release.storage.googleapis.com/charts
  version: 1.23.2
- name: gateway
  repository: https://istio-release.storage.googleapis.com/charts
  version: 1.23.2
digest: sha256:b6e9bff77345354e3e2daba26a36e51c2ad7bbc797c8513d55e21ce744c8cd5d
generated: "2024-10-09T18:28:52.001307-03:00"
